
Microsoft Visual Studio Solution File, Format Version 12.00
# Visual Studio 15
VisualStudioVersion = 15.0.28307.1022
MinimumVisualStudioVersion = 10.0.40219.1
Project("{FAE04EC0-301F-11D3-BF4B-00C04F79EFBC}") = "N_3", "N_3\N_3.csproj", "{61CFBF31-3C6A-4FDF-947A-8CC014A25C60}"
EndProject
Global
	GlobalSection(SolutionConfigurationPlatforms) = preSolution
		Debug|Any CPU = Debug|Any CPU
		Release|Any CPU = Release|Any CPU
	EndGlobalSection
	GlobalSection(ProjectConfigurationPlatforms) = postSolution
		{61CFBF31-3C6A-4FDF-947A-8CC014A25C60}.Debug|Any CPU.ActiveCfg = Debug|Any CPU
		{61CFBF31-3C6A-4FDF-947A-8CC014A25C60}.Debug|Any CPU.Build.0 = Debug|Any CPU
		{61CFBF31-3C6A-4FDF-947A-8CC014A25C60}.Release|Any CPU.ActiveCfg = Release|Any CPU
		{61CFBF31-3C6A-4FDF-947A-8CC014A25C60}.Release|Any CPU.Build.0 = Release|Any CPU
	EndGlobalSection
	GlobalSection(SolutionProperties) = preSolution
		HideSolutionNode = FALSE
	EndGlobalSection
	GlobalSection(ExtensibilityGlobals) = postSolution
		SolutionGuid = {6D1A833F-10DD-44D9-88A4-57C6B6E28E4E}
	EndGlobalSection
EndGlobal
